
Microsoft Visual Studio Solution File, Format Version 12.00
# Visual Studio 15
VisualStudioVersion = 15.0.28307.168
MinimumVisualStudioVersion = 10.0.40219.1
Project("{FAE04EC0-301F-11D3-BF4B-00C04F79EFBC}") = "Ahorcado", "Ahorcado\Ahorcado.csproj", "{CFE20C6D-28AB-4F86-A216-15F48BBDCEFB}"
EndProject
Global
	GlobalSection(SolutionConfigurationPlatforms) = preSolution
		Debug|Any CPU = Debug|Any CPU
		Release|Any CPU = Release|Any CPU
	EndGlobalSection
	GlobalSection(ProjectConfigurationPlatforms) = postSolution
		{CFE20C6D-28AB-4F86-A216-15F48BBDCEFB}.Debug|Any CPU.ActiveCfg = Debug|Any CPU
		{CFE20C6D-28AB-4F86-A216-15F48BBDCEFB}.Debug|Any CPU.Build.0 = Debug|Any CPU
		{CFE20C6D-28AB-4F86-A216-15F48BBDCEFB}.Release|Any CPU.ActiveCfg = Release|Any CPU
		{CFE20C6D-28AB-4F86-A216-15F48BBDCEFB}.Release|Any CPU.Build.0 = Release|Any CPU
	EndGlobalSection
	GlobalSection(SolutionProperties) = preSolution
		HideSolutionNode = FALSE
	EndGlobalSection
	GlobalSection(ExtensibilityGlobals) = postSolution
		SolutionGuid = {B2266CF3-5228-4A76-AF74-1251C8E66136}
	EndGlobalSection
EndGlobal
